// !$*UTF8*$!
{
	archiveVersion = 1;
	classes = {
	};
	objectVersion = 50;
	objects = {

/* Begin PBXBuildFile section */
		047EB641221790B5004A97FA /* AppDelegate.swift in Sources */ = {isa = PBXBuildFile; fileRef = 047EB640221790B5004A97FA /* AppDelegate.swift */; };
		047EB643221790B5004A97FA /* ViewController.swift in Sources */ = {isa = PBXBuildFile; fileRef = 047EB642221790B5004A97FA /* ViewController.swift */; };
		047EB646221790B5004A97FA /* Main.storyboard in Resources */ = {isa = PBXBuildFile; fileRef = 047EB644221790B5004A97FA /* Main.storyboard */; };
		047EB648221790B7004A97FA /* Assets.xcassets in Resources */ = {isa = PBXBuildFile; fileRef = 047EB647221790B7004A97FA /* Assets.xcassets */; };
		047EB64B221790B7004A97FA /* LaunchScreen.storyboard in Resources */ = {isa = PBXBuildFile; fileRef = 047EB649221790B7004A97FA /* LaunchScreen.storyboard */; };
		047EB65322179B0C004A97FA /* Inshooot.jpg in Resources */ = {isa = PBXBuildFile; fileRef = 047EB65222179B0C004A97FA /* Inshooot.jpg */; };
		047EB6552217AA1E004A97FA /* Inshooot.jpg in Resources */ = {isa = PBXBuildFile; fileRef = 047EB6542217AA1E004A97FA /* Inshooot.jpg */; };
		047EB6572217ABDF004A97FA /* MyNewButton.swift in Sources */ = {isa = PBXBuildFile; fileRef = 047EB6562217ABDF004A97FA /* MyNewButton.swift */; };
		047EB6592217AD11004A97FA /* MyNewView.swift in Sources */ = {isa = PBXBuildFile; fileRef = 047EB6582217AD11004A97FA /* MyNewView.swift */; };
/* End PBXBuildFile section */

/* Begin PBXFileReference section */
		047EB63D221790B5004A97FA /* StoreApp.app */ = {isa = PBXFileReference; explicitFileType = wrapper.application; includeInIndex = 0; path = StoreApp.app; sourceTree = BUILT_PRODUCTS_DIR; };
		047EB640221790B5004A97FA /* AppDelegate.swift */ = {isa = PBXFileReference; lastKnownFileType = sourcecode.swift; path = AppDelegate.swift; sourceTree = "<group>"; };
		047EB642221790B5004A97FA /* ViewController.swift */ = {isa = PBXFileReference; lastKnownFileType = sourcecode.swift; path = ViewController.swift; sourceTree = "<group>"; };
		047EB645221790B5004A97FA /* Base */ = {isa = PBXFileReference; lastKnownFileType = file.storyboard; name = Base; path = Base.lproj/Main.storyboard; sourceTree = "<group>"; };
		047EB647221790B7004A97FA /* Assets.xcassets */ = {isa = PBXFileReference; lastKnownFileType = folder.assetcatalog; path = Assets.xcassets; sourceTree = "<group>"; };
		047EB64A221790B7004A97FA /* Base */ = {isa = PBXFileReference; lastKnownFileType = file.storyboard; name = Base; path = Base.lproj/LaunchScreen.storyboard; sourceTree = "<group>"; };
		047EB64C221790B7004A97FA /* Info.plist */ = {isa = PBXFileReference; lastKnownFileType = text.plist.xml; path = Info.plist; sourceTree = "<group>"; };
		047EB65222179B0C004A97FA /* Inshooot.jpg */ = {isa = PBXFileReference; lastKnownFileType = image.jpeg; name = Inshooot.jpg; path = "../../سطح المكتب/ايقونات/Inshooot.jpg"; sourceTree = "<group>"; };
		047EB6542217AA1E004A97FA /* Inshooot.jpg */ = {isa = PBXFileReference; lastKnownFileType = image.jpeg; name = Inshooot.jpg; path = "../../سطح المكتب/ايقونات/Inshooot.jpg"; sourceTree = "<group>"; };
		047EB6562217ABDF004A97FA /* MyNewButton.swift */ = {isa = PBXFileReference; lastKnownFileType = sourcecode.swift; path = MyNewButton.swift; sourceTree = "<group>"; };
		047EB6582217AD11004A97FA /* MyNewView.swift */ = {isa = PBXFileReference; lastKnownFileType = sourcecode.swift; path = MyNewView.swift; sourceTree = "<group>"; };
/* End PBXFileReference section */

/* Begin PBXFrameworksBuildPhase section */
		047EB63A221790B5004A97FA /* Frameworks */ = {
			isa = PBXFrameworksBuildPhase;
			buildActionMask = 2147483647;
			files = (
			);
			runOnlyForDeploymentPostprocessing = 0;
		};
/* End PBXFrameworksBuildPhase section */

/* Begin PBXGroup section */
		047EB634221790B5004A97FA = {
			isa = PBXGroup;
			children = (
				047EB63F221790B5004A97FA /* StoreApp */,
				047EB63E221790B5004A97FA /* Products */,
			);
			sourceTree = "<group>";
		};
		047EB63E221790B5004A97FA /* Products */ = {
			isa = PBXGroup;
			children = (
				047EB63D221790B5004A97FA /* StoreApp.app */,
			);
			name = Products;
			sourceTree = "<group>";
		};
		047EB63F221790B5004A97FA /* StoreApp */ = {
			isa = PBXGroup;
			children = (
				047EB640221790B5004A97FA /* AppDelegate.swift */,
				047EB642221790B5004A97FA /* ViewController.swift */,
				047EB644221790B5004A97FA /* Main.storyboard */,
				047EB647221790B7004A97FA /* Assets.xcassets */,
				047EB65222179B0C004A97FA /* Inshooot.jpg */,
				047EB6562217ABDF004A97FA /* MyNewButton.swift */,
				047EB6582217AD11004A97FA /* MyNewView.swift */,
				047EB6542217AA1E004A97FA /* Inshooot.jpg */,
				047EB649221790B7004A97FA /* LaunchScreen.storyboard */,
				047EB64C221790B7004A97FA /* Info.plist */,
			);
			path = StoreApp;
			sourceTree = "<group>";
		};
/* End PBXGroup section */

/* Begin PBXNativeTarget section */
		047EB63C221790B5004A97FA /* StoreApp */ = {
			isa = PBXNativeTarget;
			buildConfigurationList = 047EB64F221790B7004A97FA /* Build configuration list for PBXNativeTarget "StoreApp" */;
			buildPhases = (
				047EB639221790B5004A97FA /* Sources */,
				047EB63A221790B5004A97FA /* Frameworks */,
				047EB63B221790B5004A97FA /* Resources */,
			);
			buildRules = (
			);
			dependencies = (
			);
			name = StoreApp;
			productName = StoreApp;
			productReference = 047EB63D221790B5004A97FA /* StoreApp.app */;
			productType = "com.apple.product-type.application";
		};
/* End PBXNativeTarget section */

/* Begin PBXProject section */
		047EB635221790B5004A97FA /* Project object */ = {
			isa = PBXProject;
			attributes = {
				LastSwiftUpdateCheck = 1010;
				LastUpgradeCheck = 1010;
				ORGANIZATIONNAME = "Awady | عوادي";
				TargetAttributes = {
					047EB63C221790B5004A97FA = {
						CreatedOnToolsVersion = 10.1;
					};
				};
			};
			buildConfigurationList = 047EB638221790B5004A97FA /* Build configuration list for PBXProject "StoreApp" */;
			compatibilityVersion = "Xcode 9.3";
			developmentRegion = en;
			hasScannedForEncodings = 0;
			knownRegions = (
				en,
				Base,
			);
			mainGroup = 047EB634221790B5004A97FA;
			productRefGroup = 047EB63E221790B5004A97FA /* Products */;
			projectDirPath = "";
			projectRoot = "";
			targets = (
				047EB63C221790B5004A97FA /* StoreApp */,
			);
		};
/* End PBXProject section */

/* Begin PBXResourcesBuildPhase section */
		047EB63B221790B5004A97FA /* Resources */ = {
			isa = PBXResourcesBuildPhase;
			buildActionMask = 2147483647;
			files = (
				047EB64B221790B7004A97FA /* LaunchScreen.storyboard in Resources */,
				047EB648221790B7004A97FA /* Assets.xcassets in Resources */,
				047EB6552217AA1E004A97FA /* Inshooot.jpg in Resources */,
				047EB65322179B0C004A97FA /* Inshooot.jpg in Resources */,
				047EB646221790B5004A97FA /* Main.storyboard in Resources */,
			);
			runOnlyForDeploymentPostprocessing = 0;
		};
/* End PBXResourcesBuildPhase section */

/* Begin PBXSourcesBuildPhase section */
		047EB639221790B5004A97FA /* Sources */ = {
			isa = PBXSourcesBuildPhase;
			buildActionMask = 2147483647;
			files = (
				047EB643221790B5004A97FA /* ViewController.swift in Sources */,
				047EB6592217AD11004A97FA /* MyNewView.swift in Sources */,
				047EB6572217ABDF004A97FA /* MyNewButton.swift in Sources */,
				047EB641221790B5004A97FA /* AppDelegate.swift in Sources */,
			);
			runOnlyForDeploymentPostprocessing = 0;
		};
/* End PBXSourcesBuildPhase section */

/* Begin PBXVariantGroup section */
		047EB644221790B5004A97FA /* Main.storyboard */ = {
			isa = PBXVariantGroup;
			children = (
				047EB645221790B5004A97FA /* Base */,
			);
			name = Main.storyboard;
			sourceTree = "<group>";
		};
		047EB649221790B7004A97FA /* LaunchScreen.storyboard */ = {
			isa = PBXVariantGroup;
			children = (
				047EB64A221790B7004A97FA /* Base */,
			);
			name = LaunchScreen.storyboard;
			sourceTree = "<group>";
		};
/* End PBXVariantGroup section */

/* Begin XCBuildConfiguration section */
		047EB64D221790B7004A97FA /* Debug */ = {
			isa = XCBuildConfiguration;
			buildSettings = {
				ALWAYS_SEARCH_USER_PATHS = NO;
				CLANG_ANALYZER_NONNULL = YES;
				CLANG_ANALYZER_NUMBER_OBJECT_CONVERSION = YES_AGGRESSIVE;
				CLANG_CXX_LANGUAGE_STANDARD = "gnu++14";
				CLANG_CXX_LIBRARY = "libc++";
				CLANG_ENABLE_MODULES = YES;
				CLANG_ENABLE_OBJC_ARC = YES;
				CLANG_ENABLE_OBJC_WEAK = YES;
				CLANG_WARN_BLOCK_CAPTURE_AUTORELEASING = YES;
				CLANG_WARN_BOOL_CONVERSION = YES;
				CLANG_WARN_COMMA = YES;
				CLANG_WARN_CONSTANT_CONVERSION = YES;
				CLANG_WARN_DEPRECATED_OBJC_IMPLEMENTATIONS = YES;
				CLANG_WARN_DIRECT_OBJC_ISA_USAGE = YES_ERROR;
				CLANG_WARN_DOCUMENTATION_COMMENTS = YES;
				CLANG_WARN_EMPTY_BODY = YES;
				CLANG_WARN_ENUM_CONVERSION = YES;
				CLANG_WARN_INFINITE_RECURSION = YES;
				CLANG_WARN_INT_CONVERSION = YES;
				CLANG_WARN_NON_LITERAL_NULL_CONVERSION = YES;
				CLANG_WARN_OBJC_IMPLICIT_RETAIN_SELF = YES;
				CLANG_WARN_OBJC_LITERAL_CONVERSION = YES;
				CLANG_WARN_OBJC_ROOT_CLASS = YES_ERROR;
				CLANG_WARN_RANGE_LOOP_ANALYSIS = YES;
				CLANG_WARN_STRICT_PROTOTYPES = YES;
				CLANG_WARN_SUSPICIOUS_MOVE = YES;
				CLANG_WARN_UNGUARDED_AVAILABILITY = YES_AGGRESSIVE;
				CLANG_WARN_UNREACHABLE_CODE = YES;
				CLANG_WARN__DUPLICATE_METHOD_MATCH = YES;
				CODE_SIGN_IDENTITY = "iPhone Developer";
				COPY_PHASE_STRIP = NO;
				DEBUG_INFORMATION_FORMAT = dwarf;
				ENABLE_STRICT_OBJC_MSGSEND = YES;
				ENABLE_TESTABILITY = YES;
				GCC_C_LANGUAGE_STANDARD = gnu11;
				GCC_DYNAMIC_NO_PIC = NO;
				GCC_NO_COMMON_BLOCKS = YES;
				GCC_OPTIMIZATION_LEVEL = 0;
				GCC_PREPROCESSOR_DEFINITIONS = (
					"DEBUG=1",
					"$(inherited)",
				);
				GCC_WARN_64_TO_32_BIT_CONVERSION = YES;
				GCC_WARN_ABOUT_RETURN_TYPE = YES_ERROR;
				GCC_WARN_UNDECLARED_SELECTOR = YES;
				GCC_WARN_UNINITIALIZED_AUTOS = YES_AGGRESSIVE;
				GCC_WARN_UNUSED_FUNCTION = YES;
				GCC_WARN_UNUSED_VARIABLE = YES;
				IPHONEOS_DEPLOYMENT_TARGET = 12.1;
				MTL_ENABLE_DEBUG_INFO = INCLUDE_SOURCE;
				MTL_FAST_MATH = YES;
				ONLY_ACTIVE_ARCH = YES;
				SDKROOT = iphoneos;
				SWIFT_ACTIVE_COMPILATION_CONDITIONS = DEBUG;
				SWIFT_OPTIMIZATION_LEVEL = "-Onone";
			};
			name = Debug;
		};
		047EB64E221790B7004A97FA /* Release */ = {
			isa = XCBuildConfiguration;
			buildSettings = {
				ALWAYS_SEARCH_USER_PATHS = NO;
				CLANG_ANALYZER_NONNULL = YES;
				CLANG_ANALYZER_NUMBER_OBJECT_CONVERSION = YES_AGGRESSIVE;
				CLANG_CXX_LANGUAGE_STANDARD = "gnu++14";
				CLANG_CXX_LIBRARY = "libc++";
				CLANG_ENABLE_MODULES = YES;
				CLANG_ENABLE_OBJC_ARC = YES;
				CLANG_ENABLE_OBJC_WEAK = YES;
				CLANG_WARN_BLOCK_CAPTURE_AUTORELEASING = YES;
				CLANG_WARN_BOOL_CONVERSION = YES;
				CLANG_WARN_COMMA = YES;
				CLANG_WARN_CONSTANT_CONVERSION = YES;
				CLANG_WARN_DEPRECATED_OBJC_IMPLEMENTATIONS = YES;
				CLANG_WARN_DIRECT_OBJC_ISA_USAGE = YES_ERROR;
				CLANG_WARN_DOCUMENTATION_COMMENTS = YES;
				CLANG_WARN_EMPTY_BODY = YES;
				CLANG_WARN_ENUM_CONVERSION = YES;
				CLANG_WARN_INFINITE_RECURSION = YES;
				CLANG_WARN_INT_CONVERSION = YES;
				CLANG_WARN_NON_LITERAL_NULL_CONVERSION = YES;
				CLANG_WARN_OBJC_IMPLICIT_RETAIN_SELF = YES;
				CLANG_WARN_OBJC_LITERAL_CONVERSION = YES;
				CLANG_WARN_OBJC_ROOT_CLASS = YES_ERROR;
				CLANG_WARN_RANGE_LOOP_ANALYSIS = YES;
				CLANG_WARN_STRICT_PROTOTYPES = YES;
				CLANG_WARN_SUSPICIOUS_MOVE = YES;
				CLANG_WARN_UNGUARDED_AVAILABILITY = YES_AGGRESSIVE;
				CLANG_WARN_UNREACHABLE_CODE = YES;
				CLANG_WARN__DUPLICATE_METHOD_MATCH = YES;
				CODE_SIGN_IDENTITY = "iPhone Developer";
				COPY_PHASE_STRIP = NO;
				DEBUG_INFORMATION_FORMAT = "dwarf-with-dsym";
				ENABLE_NS_ASSERTIONS = NO;
				ENABLE_STRICT_OBJC_MSGSEND = YES;
				GCC_C_LANGUAGE_STANDARD = gnu11;
				GCC_NO_COMMON_BLOCKS = YES;
				GCC_WARN_64_TO_32_BIT_CONVERSION = YES;
				GCC_WARN_ABOUT_RETURN_TYPE = YES_ERROR;
				GCC_WARN_UNDECLARED_SELECTOR = YES;
				GCC_WARN_UNINITIALIZED_AUTOS = YES_AGGRESSIVE;
				GCC_WARN_UNUSED_FUNCTION = YES;
				GCC_WARN_UNUSED_VARIABLE = YES;
				IPHONEOS_DEPLOYMENT_TARGET = 12.1;
				MTL_ENABLE_DEBUG_INFO = NO;
				MTL_FAST_MATH = YES;
				SDKROOT = iphoneos;
				SWIFT_COMPILATION_MODE = wholemodule;
				SWIFT_OPTIMIZATION_LEVEL = "-O";
				VALIDATE_PRODUCT = YES;
			};
			name = Release;
		};
		047EB650221790B7004A97FA /* Debug */ = {
			isa = XCBuildConfiguration;
			buildSettings = {
				ASSETCATALOG_COMPILER_APPICON_NAME = AppIcon;
				CODE_SIGN_STYLE = Automatic;
				DEVELOPMENT_TEAM = 439DQ22Z5P;
				INFOPLIST_FILE = StoreApp/Info.plist;
				LD_RUNPATH_SEARCH_PATHS = (
					"$(inherited)",
					"@executable_path/Frameworks",
				);
				PRODUCT_BUNDLE_IDENTIFIER = com.StoreApp;
				PRODUCT_NAME = "$(TARGET_NAME)";
				SWIFT_VERSION = 4.2;
				TARGETED_DEVICE_FAMILY = "1,2";
			};
			name = Debug;
		};
		047EB651221790B7004A97FA /* Release */ = {
			isa = XCBuildConfiguration;
			buildSettings = {
				ASSETCATALOG_COMPILER_APPICON_NAME = AppIcon;
				CODE_SIGN_STYLE = Automatic;
				DEVELOPMENT_TEAM = 439DQ22Z5P;
				INFOPLIST_FILE = StoreApp/Info.plist;
				LD_RUNPATH_SEARCH_PATHS = (
					"$(inherited)",
					"@executable_path/Frameworks",
				);
				PRODUCT_BUNDLE_IDENTIFIER = com.StoreApp;
				PRODUCT_NAME = "$(TARGET_NAME)";
				SWIFT_VERSION = 4.2;
				TARGETED_DEVICE_FAMILY = "1,2";
			};
			name = Release;
		};
/* End XCBuildConfiguration section */

/* Begin XCConfigurationList section */
		047EB638221790B5004A97FA /* Build configuration list for PBXProject "StoreApp" */ = {
			isa = XCConfigurationList;
			buildConfigurations = (
				047EB64D221790B7004A97FA /* Debug */,
				047EB64E221790B7004A97FA /* Release */,
			);
			defaultConfigurationIsVisible = 0;
			defaultConfigurationName = Release;
		};
		047EB64F221790B7004A97FA /* Build configuration list for PBXNativeTarget "StoreApp" */ = {
			isa = XCConfigurationList;
			buildConfigurations = (
				047EB650221790B7004A97FA /* Debug */,
				047EB651221790B7004A97FA /* Release */,
			);
			defaultConfigurationIsVisible = 0;
			defaultConfigurationName = Release;
		};
/* End XCConfigurationList section */
	};
	rootObject = 047EB635221790B5004A97FA /* Project object */;
}
